{
  "pins" : [
    {
      "identity" : "pageviewcontroller",
      "kind" : "remoteSourceControl",
      "location" : "https://github.com/stateman92/PageViewController",
      "state" : {
        "revision" : "1f5355bf81f7815fb268c3c0b10782455854be98",
        "version" : "0.0.7"
      }
    }
  ],
  "version" : 2
}
