{
  "pins" : [
    {
      "identity" : "pageviewcontroller",
      "kind" : "remoteSourceControl",
      "location" : "https://github.com/stateman92/PageViewController",
      "state" : {
        "revision" : "f431f4ba2a41422a2cd0560ace61f3398c3f6c9b",
        "version" : "0.0.6"
      }
    }
  ],
  "version" : 2
}
